{
  "name": "SGC_RPA_Robot",
  "lockfileVersion": 3,
  "requires": true,
  "packages": {
    "": {
      "dependencies": {
        "@github/copilot": "^1.0.50"
      }
    },
    "node_modules/@github/copilot": {
      "version": "1.0.50",
      "resolved": "https://registry.npmjs.org/@github/copilot/-/copilot-1.0.50.tgz",
      "integrity": "sha512-HJFM+LYt5i6shAiTYHolCSQLV9ZzfX/06m7yWht4PiKBE+hO/zxXhqnJFMshqMkFm0Ab3ea0FZDx8CVjdXn5bQ==",
      "license": "SEE LICENSE IN LICENSE.md",
      "bin": {
        "copilot": "npm-loader.js"
      },
      "optionalDependencies": {
        "@github/copilot-darwin-arm64": "1.0.50",
        "@github/copilot-darwin-x64": "1.0.50",
        "@github/copilot-linux-arm64": "1.0.50",
        "@github/copilot-linux-x64": "1.0.50",
        "@github/copilot-linuxmusl-arm64": "1.0.50",
        "@github/copilot-linuxmusl-x64": "1.0.50",
        "@github/copilot-win32-arm64": "1.0.50",
        "@github/copilot-win32-x64": "1.0.50"
      }
    },
    "node_modules/@github/copilot-darwin-arm64": {
      "version": "1.0.50",
      "resolved": "https://registry.npmjs.org/@github/copilot-darwin-arm64/-/copilot-darwin-arm64-1.0.50.tgz",
      "integrity": "sha512-PSqw/QrJelPGa9jHooe9QaTzhLt2DquCj2shyVNgC7bfFKkCFPbY0vBXNAK6TD+REOKaj1vPsGrEt3dYODnzaw==",
      "cpu": [
        "arm64"
      ],
      "license": "SEE LICENSE IN LICENSE.md",
      "optional": true,
      "os": [
        "darwin"
      ],
      "bin": {
        "copilot-darwin-arm64": "copilot"
      }
    },
    "node_modules/@github/copilot-darwin-x64": {
      "version": "1.0.50",
      "resolved": "https://registry.npmjs.org/@github/copilot-darwin-x64/-/copilot-darwin-x64-1.0.50.tgz",
      "integrity": "sha512-Z/8DEWmkPpPz0H5oT5m1MAnudFxHkykEmCNWPvQYXMBcUuJ2OdYIt9bWr57nGU+KjY2TcnkoN766rnBm2MwKWQ==",
      "cpu": [
        "x64"
      ],
      "license": "SEE LICENSE IN LICENSE.md",
      "optional": true,
      "os": [
        "darwin"
      ],
      "bin": {
        "copilot-darwin-x64": "copilot"
      }
    },
    "node_modules/@github/copilot-linux-arm64": {
      "version": "1.0.50",
      "resolved": "https://registry.npmjs.org/@github/copilot-linux-arm64/-/copilot-linux-arm64-1.0.50.tgz",
      "integrity": "sha512-Hp5Bhmur7N63ngiZTECr1oyLg4kz6GSM4LGinRdI7PcDu9qB/6GYZO41MtwP17PyzNgfP8Gs4Lej2vgVqO3/Dw==",
      "cpu": [
        "arm64"
      ],
      "license": "SEE LICENSE IN LICENSE.md",
      "optional": true,
      "os": [
        "linux"
      ],
      "bin": {
        "copilot-linux-arm64": "copilot"
      }
    },
    "node_modules/@github/copilot-linux-x64": {
      "version": "1.0.50",
      "resolved": "https://registry.npmjs.org/@github/copilot-linux-x64/-/copilot-linux-x64-1.0.50.tgz",
      "integrity": "sha512-acjlW1g0sgAfnsBj/JQCdTODKCHRcadVJiJUT3xv7HKTYLVilIU1iwmQAzQ7r3QwmNCOI48FL7usbNiKouop8A==",
      "cpu": [
        "x64"
      ],
      "license": "SEE LICENSE IN LICENSE.md",
      "optional": true,
      "os": [
        "linux"
      ],
      "bin": {
        "copilot-linux-x64": "copilot"
      }
    },
    "node_modules/@github/copilot-linuxmusl-arm64": {
      "version": "1.0.50",
      "resolved": "https://registry.npmjs.org/@github/copilot-linuxmusl-arm64/-/copilot-linuxmusl-arm64-1.0.50.tgz",
      "integrity": "sha512-GRhiIDVBPdit5QItfEvEn3d9mwT6cVFr2Ms5bvtKBLS4Hs7E419dZX66Z6zB2Wjh4u2l4MLjinxVzggcpEx/HQ==",
      "cpu": [
        "arm64"
      ],
      "license": "SEE LICENSE IN LICENSE.md",
      "optional": true,
      "os": [
        "linux"
      ],
      "bin": {
        "copilot-linuxmusl-arm64": "copilot"
      }
    },
    "node_modules/@github/copilot-linuxmusl-x64": {
      "version": "1.0.50",
      "resolved": "https://registry.npmjs.org/@github/copilot-linuxmusl-x64/-/copilot-linuxmusl-x64-1.0.50.tgz",
      "integrity": "sha512-3G0+/4F6SYaj6AfttLqRzp3HO3/6RIdXEqzCirR0E5l4SMjD8mHmTAE8YKbjPl9XGf/wbhyDmSMcIcxj79Mf7w==",
      "cpu": [
        "x64"
      ],
      "license": "SEE LICENSE IN LICENSE.md",
      "optional": true,
      "os": [
        "linux"
      ],
      "bin": {
        "copilot-linuxmusl-x64": "copilot"
      }
    },
    "node_modules/@github/copilot-win32-arm64": {
      "version": "1.0.50",
      "resolved": "https://registry.npmjs.org/@github/copilot-win32-arm64/-/copilot-win32-arm64-1.0.50.tgz",
      "integrity": "sha512-cLSnU+IQ7p0WIdxeaDeTR6rtiSLwHqN+3AkAaOKKBXBsYjmB3Ct6UHqlZf20GtZ5I/K1HH9ZDYRYVKlsA4olJQ==",
      "cpu": [
        "arm64"
      ],
      "license": "SEE LICENSE IN LICENSE.md",
      "optional": true,
      "os": [
        "win32"
      ],
      "bin": {
        "copilot-win32-arm64": "copilot.exe"
      }
    },
    "node_modules/@github/copilot-win32-x64": {
      "version": "1.0.50",
      "resolved": "https://registry.npmjs.org/@github/copilot-win32-x64/-/copilot-win32-x64-1.0.50.tgz",
      "integrity": "sha512-f5cA798nmOj/E7GXuzX2HnPenx8ddp/y87q6hpoU78nySTasWCTvWhckjuJ+fwzJQmp3fORBbL67pDdELvdajA==",
      "cpu": [
        "x64"
      ],
      "license": "SEE LICENSE IN LICENSE.md",
      "optional": true,
      "os": [
        "win32"
      ],
      "bin": {
        "copilot-win32-x64": "copilot.exe"
      }
    }
  }
}
